
Microsoft Visual Studio Solution File, Format Version 12.00
# Visual Studio Version 17
VisualStudioVersion = 17.6.33829.357
MinimumVisualStudioVersion = 10.0.40219.1
Project("{8BC9CEB8-8B4A-11D0-8D11-00A0C91BC942}") = "03", "03.vcxproj", "{F5FED5C7-7256-4068-A36C-E7153F7D1980}"
EndProject
Global
	GlobalSection(SolutionConfigurationPlatforms) = preSolution
		Debug|x64 = Debug|x64
		Debug|x86 = Debug|x86
		Release|x64 = Release|x64
		Release|x86 = Release|x86
	EndGlobalSection
	GlobalSection(ProjectConfigurationPlatforms) = postSolution
		{F5FED5C7-7256-4068-A36C-E7153F7D1980}.Debug|x64.ActiveCfg = Debug|x64
		{F5FED5C7-7256-4068-A36C-E7153F7D1980}.Debug|x64.Build.0 = Debug|x64
		{F5FED5C7-7256-4068-A36C-E7153F7D1980}.Debug|x86.ActiveCfg = Debug|Win32
		{F5FED5C7-7256-4068-A36C-E7153F7D1980}.Debug|x86.Build.0 = Debug|Win32
		{F5FED5C7-7256-4068-A36C-E7153F7D1980}.Release|x64.ActiveCfg = Release|x64
		{F5FED5C7-7256-4068-A36C-E7153F7D1980}.Release|x64.Build.0 = Release|x64
		{F5FED5C7-7256-4068-A36C-E7153F7D1980}.Release|x86.ActiveCfg = Release|Win32
		{F5FED5C7-7256-4068-A36C-E7153F7D1980}.Release|x86.Build.0 = Release|Win32
	EndGlobalSection
	GlobalSection(SolutionProperties) = preSolution
		HideSolutionNode = FALSE
	EndGlobalSection
	GlobalSection(ExtensibilityGlobals) = postSolution
		SolutionGuid = {5AFE4509-13B3-43D0-8597-DB2E3DE54BB2}
	EndGlobalSection
EndGlobal
